
Microsoft Visual Studio Solution File, Format Version 12.00
# Visual Studio Version 16
VisualStudioVersion = 16.0.31624.102
MinimumVisualStudioVersion = 10.0.40219.1
Project("{FAE04EC0-301F-11D3-BF4B-00C04F79EFBC}") = "CodeFirst", "CodeFirst.csproj", "{5DA2276F-2CAA-4920-A3B7-FBC439529474}"
EndProject
Global
	GlobalSection(SolutionConfigurationPlatforms) = preSolution
		Debug|Any CPU = Debug|Any CPU
		Release|Any CPU = Release|Any CPU
	EndGlobalSection
	GlobalSection(ProjectConfigurationPlatforms) = postSolution
		{5DA2276F-2CAA-4920-A3B7-FBC439529474}.Debug|Any CPU.ActiveCfg = Debug|Any CPU
		{5DA2276F-2CAA-4920-A3B7-FBC439529474}.Debug|Any CPU.Build.0 = Debug|Any CPU
		{5DA2276F-2CAA-4920-A3B7-FBC439529474}.Release|Any CPU.ActiveCfg = Release|Any CPU
		{5DA2276F-2CAA-4920-A3B7-FBC439529474}.Release|Any CPU.Build.0 = Release|Any CPU
	EndGlobalSection
	GlobalSection(SolutionProperties) = preSolution
		HideSolutionNode = FALSE
	EndGlobalSection
	GlobalSection(ExtensibilityGlobals) = postSolution
		SolutionGuid = {79CFADAE-F304-4AAB-B156-0E89882DC7EB}
	EndGlobalSection
EndGlobal
